<?xml version="1.0" encoding="UTF-8"?>
<Scheme
   LastUpgradeVersion = "1230"
   version = "1.3">
   <BuildAction
      parallelizeBuildables = "YES"
      buildImplicitDependencies = "YES">
      <BuildActionEntries>
         <BuildActionEntry
            buildForTesting = "YES"
            buildForRunning = "YES"
            buildForProfiling = "YES"
            buildForArchiving = "YES"
            buildForAnalyzing = "YES">
            <BuildableReference
               BuildableIdentifier = "primary"
               BlueprintIdentifier = "42600DE91D7C67500093864F"
               BuildableName = "clang-args"
               BlueprintName = "clang-args"
               ReferencedContainer = "container:Cortex-M-Toolchain.M.xcodeproj">
            </BuildableReference>
         </BuildActionEntry>
      </BuildActionEntries>
   </BuildAction>
   <TestAction
      buildConfiguration = "Debug"
      selectedDebuggerIdentifier = "Xcode.DebuggerFoundation.Debugger.LLDB"
      selectedLauncherIdentifier = "Xcode.DebuggerFoundation.Launcher.LLDB"
      shouldUseLaunchSchemeArgsEnv = "YES">
      <MacroExpansion>
         <BuildableReference
            BuildableIdentifier = "primary"
            BlueprintIdentifier = "42600DE91D7C67500093864F"
            BuildableName = "clang-args"
            BlueprintName = "clang-args"
            ReferencedContainer = "container:Cortex-M-Toolchain.M.xcodeproj">
         </BuildableReference>
      </MacroExpansion>
      <Testables>
      </Testables>
   </TestAction>
   <LaunchAction
      buildConfiguration = "Debug"
      selectedDebuggerIdentifier = "Xcode.DebuggerFoundation.Debugger.LLDB"
      selectedLauncherIdentifier = "Xcode.DebuggerFoundation.Launcher.LLDB"
      launchStyle = "0"
      useCustomWorkingDirectory = "NO"
      ignoresPersistentStateOnLaunch = "NO"
      debugDocumentVersioning = "YES"
      debugServiceExtension = "internal"
      allowLocationSimulation = "YES">
      <BuildableProductRunnable
         runnableDebuggingMode = "0">
         <BuildableReference
            BuildableIdentifier = "primary"
            BlueprintIdentifier = "42600DE91D7C67500093864F"
            BuildableName = "clang-args"
            BlueprintName = "clang-args"
            ReferencedContainer = "container:Cortex-M-Toolchain.M.xcodeproj">
         </BuildableReference>
      </BuildableProductRunnable>
      <CommandLineArguments>
         <CommandLineArgument
            argument = "-filelist /Users/ha/Library/Developer/Xcode/DerivedData/fa_diva-gaeehnesfoxxohcttfzxxyuhlpoe/Build/Intermediates.noindex/fa_diva.build/Debug/iperf.k64.build/Objects-normal/armv7em/iperf.k64.LinkFileList "
            isEnabled = "YES">
         </CommandLineArgument>
         <CommandLineArgument
            argument = "-o /Users/ha/Library/Developer/Xcode/DerivedData/fa_diva-gaeehnesfoxxohcttfzxxyuhlpoe/Build/Products/Debug/iperf.k64.elf"
            isEnabled = "YES">
         </CommandLineArgument>
         <CommandLineArgument
            argument = " -dynamiclib"
            isEnabled = "YES">
         </CommandLineArgument>
         <CommandLineArgument
            argument = " -dependency_info -Xlinker /Users/ha/Library/Developer/Xcode/DerivedData/fa_diva-gaeehnesfoxxohcttfzxxyuhlpoe/Build/Intermediates.noindex/fa_diva.build/Debug/iperf.k64.build/Objects-normal/armv7em/iperf.k64_dependency_info.dat"
            isEnabled = "YES">
         </CommandLineArgument>
         <CommandLineArgument
            argument = " -Xlinker"
            isEnabled = "YES">
         </CommandLineArgument>
      </CommandLineArguments>
   </LaunchAction>
   <ProfileAction
      buildConfiguration = "Release"
      shouldUseLaunchSchemeArgsEnv = "YES"
      savedToolIdentifier = ""
      useCustomWorkingDirectory = "NO"
      debugDocumentVersioning = "YES">
      <BuildableProductRunnable
         runnableDebuggingMode = "0">
         <BuildableReference
            BuildableIdentifier = "primary"
            BlueprintIdentifier = "42600DE91D7C67500093864F"
            BuildableName = "clang-args"
            BlueprintName = "clang-args"
            ReferencedContainer = "container:Cortex-M-Toolchain.M.xcodeproj">
         </BuildableReference>
      </BuildableProductRunnable>
   </ProfileAction>
   <AnalyzeAction
      buildConfiguration = "Debug">
   </AnalyzeAction>
   <ArchiveAction
      buildConfiguration = "Release"
      revealArchiveInOrganizer = "YES">
   </ArchiveAction>
</Scheme>
